// !$*UTF8*$!
{
	archiveVersion = 1;
	classes = {
	};
	objectVersion = 46;
	objects = {

/* Begin PBXBuildFile section */
		710FF8CA1D4689F000F35346 /* AppDelegate.swift in Sources */ = {isa = PBXBuildFile; fileRef = 710FF8C91D4689F000F35346 /* AppDelegate.swift */; };
		710FF8CC1D4689F000F35346 /* ViewController.swift in Sources */ = {isa = PBXBuildFile; fileRef = 710FF8CB1D4689F000F35346 /* ViewController.swift */; };
		710FF8CF1D4689F000F35346 /* Main.storyboard in Resources */ = {isa = PBXBuildFile; fileRef = 710FF8CD1D4689F000F35346 /* Main.storyboard */; };
		710FF8D11D4689F000F35346 /* Assets.xcassets in Resources */ = {isa = PBXBuildFile; fileRef = 710FF8D01D4689F000F35346 /* Assets.xcassets */; };
		710FF8D41D4689F000F35346 /* LaunchScreen.storyboard in Resources */ = {isa = PBXBuildFile; fileRef = 710FF8D21D4689F000F35346 /* LaunchScreen.storyboard */; };
/* End PBXBuildFile section */

/* Begin PBXFileReference section */
		710FF8C61D4689F000F35346 /* MultiplesApp.app */ = {isa = PBXFileReference; explicitFileType = wrapper.application; includeInIndex = 0; path = MultiplesApp.app; sourceTree = BUILT_PRODUCTS_DIR; };
		710FF8C91D4689F000F35346 /* AppDelegate.swift */ = {isa = PBXFileReference; lastKnownFileType = sourcecode.swift; path = AppDelegate.swift; sourceTree = "<group>"; };
		710FF8CB1D4689F000F35346 /* ViewController.swift */ = {isa = PBXFileReference; lastKnownFileType = sourcecode.swift; path = ViewController.swift; sourceTree = "<group>"; };
		710FF8CE1D4689F000F35346 /* Base */ = {isa = PBXFileReference; lastKnownFileType = file.storyboard; name = Base; path = Base.lproj/Main.storyboard; sourceTree = "<group>"; };
		710FF8D01D4689F000F35346 /* Assets.xcassets */ = {isa = PBXFileReference; lastKnownFileType = folder.assetcatalog; path = Assets.xcassets; sourceTree = "<group>"; };
		710FF8D31D4689F000F35346 /* Base */ = {isa = PBXFileReference; lastKnownFileType = file.storyboard; name = Base; path = Base.lproj/LaunchScreen.storyboard; sourceTree = "<group>"; };
		710FF8D51D4689F000F35346 /* Info.plist */ = {isa = PBXFileReference; lastKnownFileType = text.plist.xml; path = Info.plist; sourceTree = "<group>"; };
/* End PBXFileReference section */

/* Begin PBXFrameworksBuildPhase section */
		710FF8C31D4689F000F35346 /* Frameworks */ = {
			isa = PBXFrameworksBuildPhase;
			buildActionMask = 2147483647;
			files = (
			);
			runOnlyForDeploymentPostprocessing = 0;
		};
/* End PBXFrameworksBuildPhase section */

/* Begin PBXGroup section */
		710FF8BD1D4689F000F35346 = {
			isa = PBXGroup;
			children = (
				710FF8C81D4689F000F35346 /* MultiplesApp */,
				710FF8C71D4689F000F35346 /* Products */,
			);
			sourceTree = "<group>";
		};
		710FF8C71D4689F000F35346 /* Products */ = {
			isa = PBXGroup;
			children = (
				710FF8C61D4689F000F35346 /* MultiplesApp.app */,
			);
			name = Products;
			sourceTree = "<group>";
		};
		710FF8C81D4689F000F35346 /* MultiplesApp */ = {
			isa = PBXGroup;
			children = (
				710FF8C91D4689F000F35346 /* AppDelegate.swift */,
				710FF8CB1D4689F000F35346 /* ViewController.swift */,
				710FF8CD1D4689F000F35346 /* Main.storyboard */,
				710FF8D01D4689F000F35346 /* Assets.xcassets */,
				710FF8D21D4689F000F35346 /* LaunchScreen.storyboard */,
				710FF8D51D4689F000F35346 /* Info.plist */,
			);
			path = MultiplesApp;
			sourceTree = "<group>";
		};
/* End PBXGroup section */

/* Begin PBXNativeTarget section */
		710FF8C51D4689F000F35346 /* MultiplesApp */ = {
			isa = PBXNativeTarget;
			buildConfigurationList = 710FF8D81D4689F000F35346 /* Build configuration list for PBXNativeTarget "MultiplesApp" */;
			buildPhases = (
				710FF8C21D4689F000F35346 /* Sources */,
				710FF8C31D4689F000F35346 /* Frameworks */,
				710FF8C41D4689F000F35346 /* Resources */,
			);
			buildRules = (
			);
			dependencies = (
			);
			name = MultiplesApp;
			productName = MultiplesApp;
			productReference = 710FF8C61D4689F000F35346 /* MultiplesApp.app */;
			productType = "com.apple.product-type.application";
		};
/* End PBXNativeTarget section */

/* Begin PBXProject section */
		710FF8BE1D4689F000F35346 /* Project object */ = {
			isa = PBXProject;
			attributes = {
				LastSwiftUpdateCheck = 0730;
				LastUpgradeCheck = 0730;
				ORGANIZATIONNAME = torilin;
				TargetAttributes = {
					710FF8C51D4689F000F35346 = {
						CreatedOnToolsVersion = 7.3.1;
					};
				};
			};
			buildConfigurationList = 710FF8C11D4689F000F35346 /* Build configuration list for PBXProject "MultiplesApp" */;
			compatibilityVersion = "Xcode 3.2";
			developmentRegion = English;
			hasScannedForEncodings = 0;
			knownRegions = (
				en,
				Base,
			);
			mainGroup = 710FF8BD1D4689F000F35346;
			productRefGroup = 710FF8C71D4689F000F35346 /* Products */;
			projectDirPath = "";
			projectRoot = "";
			targets = (
				710FF8C51D4689F000F35346 /* MultiplesApp */,
			);
		};
/* End PBXProject section */

/* Begin PBXResourcesBuildPhase section */
		710FF8C41D4689F000F35346 /* Resources */ = {
			isa = PBXResourcesBuildPhase;
			buildActionMask = 2147483647;
			files = (
				710FF8D41D4689F000F35346 /* LaunchScreen.storyboard in Resources */,
				710FF8D11D4689F000F35346 /* Assets.xcassets in Resources */,
				710FF8CF1D4689F000F35346 /* Main.storyboard in Resources */,
			);
			runOnlyForDeploymentPostprocessing = 0;
		};
/* End PBXResourcesBuildPhase section */

/* Begin PBXSourcesBuildPhase section */
		710FF8C21D4689F000F35346 /* Sources */ = {
			isa = PBXSourcesBuildPhase;
			buildActionMask = 2147483647;
			files = (
				710FF8CC1D4689F000F35346 /* ViewController.swift in Sources */,
				710FF8CA1D4689F000F35346 /* AppDelegate.swift in Sources */,
			);
			runOnlyForDeploymentPostprocessing = 0;
		};
/* End PBXSourcesBuildPhase section */

/* Begin PBXVariantGroup section */
		710FF8CD1D4689F000F35346 /* Main.storyboard */ = {
			isa = PBXVariantGroup;
			children = (
				710FF8CE1D4689F000F35346 /* Base */,
			);
			name = Main.storyboard;
			sourceTree = "<group>";
		};
		710FF8D21D4689F000F35346 /* LaunchScreen.storyboard */ = {
			isa = PBXVariantGroup;
			children = (
				710FF8D31D4689F000F35346 /* Base */,
			);
			name = LaunchScreen.storyboard;
			sourceTree = "<group>";
		};
/* End PBXVariantGroup section */

/* Begin XCBuildConfiguration section */
		710FF8D61D4689F000F35346 /* Debug */ = {
			isa = XCBuildConfiguration;
			buildSettings = {
				ALWAYS_SEARCH_USER_PATHS = NO;
				CLANG_ANALYZER_NONNULL = YES;
				CLANG_CXX_LANGUAGE_STANDARD = "gnu++0x";
				CLANG_CXX_LIBRARY = "libc++";
				CLANG_ENABLE_MODULES = YES;
				CLANG_ENABLE_OBJC_ARC = YES;
				CLANG_WARN_BOOL_CONVERSION = YES;
				CLANG_WARN_CONSTANT_CONVERSION = YES;
				CLANG_WARN_DIRECT_OBJC_ISA_USAGE = YES_ERROR;
				CLANG_WARN_EMPTY_BODY = YES;
				CLANG_WARN_ENUM_CONVERSION = YES;
				CLANG_WARN_INT_CONVERSION = YES;
				CLANG_WARN_OBJC_ROOT_CLASS = YES_ERROR;
				CLANG_WARN_UNREACHABLE_CODE = YES;
				CLANG_WARN__DUPLICATE_METHOD_MATCH = YES;
				"CODE_SIGN_IDENTITY[sdk=iphoneos*]" = "iPhone Developer";
				COPY_PHASE_STRIP = NO;
				DEBUG_INFORMATION_FORMAT = dwarf;
				ENABLE_STRICT_OBJC_MSGSEND = YES;
				ENABLE_TESTABILITY = YES;
				GCC_C_LANGUAGE_STANDARD = gnu99;
				GCC_DYNAMIC_NO_PIC = NO;
				GCC_NO_COMMON_BLOCKS = YES;
				GCC_OPTIMIZATION_LEVEL = 0;
				GCC_PREPROCESSOR_DEFINITIONS = (
					"DEBUG=1",
					"$(inherited)",
				);
				GCC_WARN_64_TO_32_BIT_CONVERSION = YES;
				GCC_WARN_ABOUT_RETURN_TYPE = YES_ERROR;
				GCC_WARN_UNDECLARED_SELECTOR = YES;
				GCC_WARN_UNINITIALIZED_AUTOS = YES_AGGRESSIVE;
				GCC_WARN_UNUSED_FUNCTION = YES;
				GCC_WARN_UNUSED_VARIABLE = YES;
				IPHONEOS_DEPLOYMENT_TARGET = 9.3;
				MTL_ENABLE_DEBUG_INFO = YES;
				ONLY_ACTIVE_ARCH = YES;
				SDKROOT = iphoneos;
				SWIFT_OPTIMIZATION_LEVEL = "-Onone";
				TARGETED_DEVICE_FAMILY = "1,2";
			};
			name = Debug;
		};
		710FF8D71D4689F000F35346 /* Release */ = {
			isa = XCBuildConfiguration;
			buildSettings = {
				ALWAYS_SEARCH_USER_PATHS = NO;
				CLANG_ANALYZER_NONNULL = YES;
				CLANG_CXX_LANGUAGE_STANDARD = "gnu++0x";
				CLANG_CXX_LIBRARY = "libc++";
				CLANG_ENABLE_MODULES = YES;
				CLANG_ENABLE_OBJC_ARC = YES;
				CLANG_WARN_BOOL_CONVERSION = YES;
				CLANG_WARN_CONSTANT_CONVERSION = YES;
				CLANG_WARN_DIRECT_OBJC_ISA_USAGE = YES_ERROR;
				CLANG_WARN_EMPTY_BODY = YES;
				CLANG_WARN_ENUM_CONVERSION = YES;
				CLANG_WARN_INT_CONVERSION = YES;
				CLANG_WARN_OBJC_ROOT_CLASS = YES_ERROR;
				CLANG_WARN_UNREACHABLE_CODE = YES;
				CLANG_WARN__DUPLICATE_METHOD_MATCH = YES;
				"CODE_SIGN_IDENTITY[sdk=iphoneos*]" = "iPhone Developer";
				COPY_PHASE_STRIP = NO;
				DEBUG_INFORMATION_FORMAT = "dwarf-with-dsym";
				ENABLE_NS_ASSERTIONS = NO;
				ENABLE_STRICT_OBJC_MSGSEND = YES;
				GCC_C_LANGUAGE_STANDARD = gnu99;
				GCC_NO_COMMON_BLOCKS = YES;
				GCC_WARN_64_TO_32_BIT_CONVERSION = YES;
				GCC_WARN_ABOUT_RETURN_TYPE = YES_ERROR;
				GCC_WARN_UNDECLARED_SELECTOR = YES;
				GCC_WARN_UNINITIALIZED_AUTOS = YES_AGGRESSIVE;
				GCC_WARN_UNUSED_FUNCTION = YES;
				GCC_WARN_UNUSED_VARIABLE = YES;
				IPHONEOS_DEPLOYMENT_TARGET = 9.3;
				MTL_ENABLE_DEBUG_INFO = NO;
				SDKROOT = iphoneos;
				TARGETED_DEVICE_FAMILY = "1,2";
				VALIDATE_PRODUCT = YES;
			};
			name = Release;
		};
		710FF8D91D4689F000F35346 /* Debug */ = {
			isa = XCBuildConfiguration;
			buildSettings = {
				ASSETCATALOG_COMPILER_APPICON_NAME = AppIcon;
				INFOPLIST_FILE = MultiplesApp/Info.plist;
				LD_RUNPATH_SEARCH_PATHS = "$(inherited) @executable_path/Frameworks";
				PRODUCT_BUNDLE_IDENTIFIER = torilin.MultiplesApp;
				PRODUCT_NAME = "$(TARGET_NAME)";
			};
			name = Debug;
		};
		710FF8DA1D4689F000F35346 /* Release */ = {
			isa = XCBuildConfiguration;
			buildSettings = {
				ASSETCATALOG_COMPILER_APPICON_NAME = AppIcon;
				INFOPLIST_FILE = MultiplesApp/Info.plist;
				LD_RUNPATH_SEARCH_PATHS = "$(inherited) @executable_path/Frameworks";
				PRODUCT_BUNDLE_IDENTIFIER = torilin.MultiplesApp;
				PRODUCT_NAME = "$(TARGET_NAME)";
			};
			name = Release;
		};
/* End XCBuildConfiguration section */

/* Begin XCConfigurationList section */
		710FF8C11D4689F000F35346 /* Build configuration list for PBXProject "MultiplesApp" */ = {
			isa = XCConfigurationList;
			buildConfigurations = (
				710FF8D61D4689F000F35346 /* Debug */,
				710FF8D71D4689F000F35346 /* Release */,
			);
			defaultConfigurationIsVisible = 0;
			defaultConfigurationName = Release;
		};
		710FF8D81D4689F000F35346 /* Build configuration list for PBXNativeTarget "MultiplesApp" */ = {
			isa = XCConfigurationList;
			buildConfigurations = (
				710FF8D91D4689F000F35346 /* Debug */,
				710FF8DA1D4689F000F35346 /* Release */,
			);
			defaultConfigurationIsVisible = 0;
		};
/* End XCConfigurationList section */
	};
	rootObject = 710FF8BE1D4689F000F35346 /* Project object */;
}
